<?xml version="1.0" encoding="utf-8"?>
<Project ToolsVersion="4.0" xmlns="http://schemas.microsoft.com/developer/msbuild/2003">
  <ItemGroup>
    <Filter Include="Resource Files">
      <UniqueIdentifier>{67DA6AB6-F800-4c08-8B7A-83BB121AAD01}</UniqueIdentifier>
      <Extensions>rc;ico;cur;bmp;dlg;rc2;rct;bin;rgs;gif;jpg;jpeg;jpe;resx;tiff;tif;png;wav;mfcribbon-ms</Extensions>
    </Filter>
    <Filter Include="Resource Files\sounds">
      <UniqueIdentifier>{ade1f49a-01e2-44a9-9e48-7a4f44f59713}</UniqueIdentifier>
    </Filter>
    <Filter Include="Resource Files\graphics">
      <UniqueIdentifier>{3d1cf0fd-1348-4d45-97f5-e20a13357044}</UniqueIdentifier>
    </Filter>
    <Filter Include="Resource Files\shaders">
      <UniqueIdentifier>{15db02e7-a190-4eaf-887a-b64d3189d306}</UniqueIdentifier>
    </Filter>
    <Filter Include="Src">
      <UniqueIdentifier>{c65384ae-30ee-44c8-872b-a67e092da5d0}</UniqueIdentifier>
    </Filter>
    <Filter Include="Includes">
      <UniqueIdentifier>{58d910e5-396d-4462-8093-1e105397dbfd}</UniqueIdentifier>
    </Filter>
    <Filter Include="Resource Files\maps">
      <UniqueIdentifier>{5af59139-50b4-4e5e-9745-b3776ad85125}</UniqueIdentifier>
    </Filter>
  </ItemGroup>
  <ItemGroup>
    <None Include="TextureMap.fx">
      <Filter>Resource Files\shaders</Filter>
    </None>
    <None Include="Maps\MapPlaytestSession.json">
      <Filter>Resource Files\maps</Filter>
    </None>
    <None Include="Maps\MapPlaytestSessionNoEnemy.json">
      <Filter>Resource Files\maps</Filter>
    </None>
    <None Include="Maps\MapPreAlpha.json">
      <Filter>Resource Files\maps</Filter>
    </None>
    <None Include="Maps\MapTestSprites.json">
      <Filter>Resource Files\maps</Filter>
    </None>
    <None Include="Maps\TestLevel1.json">
      <Filter>Resource Files\maps</Filter>
    </None>
    <None Include="Maps\TestLevel2.json">
      <Filter>Resource Files\maps</Filter>
    </None>
    <None Include="Maps\TestLevel3.json">
      <Filter>Resource Files\maps</Filter>
    </None>
  </ItemGroup>
  <ItemGroup>
    <ClInclude Include="Includes\Bullet.h">
      <Filter>Includes</Filter>
    </ClInclude>
    <ClInclude Include="Includes\Camera.h">
      <Filter>Includes</Filter>
    </ClInclude>
    <ClInclude Include="Includes\Character.h">
      <Filter>Includes</Filter>
    </ClInclude>
    <ClInclude Include="Includes\ControleScene.h">
      <Filter>Includes</Filter>
    </ClInclude>
    <ClInclude Include="Includes\d3d.h">
      <Filter>Includes</Filter>
    </ClInclude>
    <ClInclude Include="Includes\Drawable.h">
      <Filter>Includes</Filter>
    </ClInclude>
    <ClInclude Include="Includes\DynamicEntity.h">
      <Filter>Includes</Filter>
    </ClInclude>
    <ClInclude Include="Includes\Entity.h">
      <Filter>Includes</Filter>
    </ClInclude>
    <ClInclude Include="Includes\Exceptions.h">
      <Filter>Includes</Filter>
    </ClInclude>
    <ClInclude Include="Includes\Fps.h">
      <Filter>Includes</Filter>
    </ClInclude>
    <ClInclude Include="Includes\Game.h">
      <Filter>Includes</Filter>
    </ClInclude>
    <ClInclude Include="Includes\json.h">
      <Filter>Includes</Filter>
    </ClInclude>
    <ClInclude Include="Includes\JsonParser.h">
      <Filter>Includes</Filter>
    </ClInclude>
    <ClInclude Include="Includes\Keyboard.h">
      <Filter>Includes</Filter>
    </ClInclude>
    <ClInclude Include="Includes\LevelScene.h">
      <Filter>Includes</Filter>
    </ClInclude>
    <ClInclude Include="Includes\Log.h">
      <Filter>Includes</Filter>
    </ClInclude>
    <ClInclude Include="Includes\MapInfos.h">
      <Filter>Includes</Filter>
    </ClInclude>
    <ClInclude Include="Includes\Menu.h">
      <Filter>Includes</Filter>
    </ClInclude>
    <ClInclude Include="Includes\MenuPause.h">
      <Filter>Includes</Filter>
    </ClInclude>
    <ClInclude Include="Includes\ParticleEmitter.h">
      <Filter>Includes</Filter>
    </ClInclude>
    <ClInclude Include="Includes\pch.h">
      <Filter>Includes</Filter>
    </ClInclude>
    <ClInclude Include="Includes\Scene.h">
      <Filter>Includes</Filter>
    </ClInclude>
    <ClInclude Include="Includes\SoundSystem.h">
      <Filter>Includes</Filter>
    </ClInclude>
    <ClInclude Include="Includes\Sprite.h">
      <Filter>Includes</Filter>
    </ClInclude>
    <ClInclude Include="Includes\SpriteRect.h">
      <Filter>Includes</Filter>
    </ClInclude>
    <ClInclude Include="Includes\StaticEntity.h">
      <Filter>Includes</Filter>
    </ClInclude>
    <ClInclude Include="Includes\Text.h">
      <Filter>Includes</Filter>
    </ClInclude>
    <ClInclude Include="Includes\Texture.h">
      <Filter>Includes</Filter>
    </ClInclude>
    <ClInclude Include="Includes\Tile.h">
      <Filter>Includes</Filter>
    </ClInclude>
    <ClInclude Include="Includes\Timer.h">
      <Filter>Includes</Filter>
    </ClInclude>
    <ClInclude Include="Includes\Transformable.h">
      <Filter>Includes</Filter>
    </ClInclude>
    <ClInclude Include="Includes\Vector2f.h">
      <Filter>Includes</Filter>
    </ClInclude>
    <ClInclude Include="Includes\Window.h">
      <Filter>Includes</Filter>
    </ClInclude>
    <ClInclude Include="Includes\WindowSettings.h">
      <Filter>Includes</Filter>
    </ClInclude>
    <ClInclude Include="Includes\LoadingScene.h">
      <Filter>Includes</Filter>
    </ClInclude>
  </ItemGroup>
  <ItemGroup>
    <ClCompile Include="Src\Bullet.cpp">
      <Filter>Src</Filter>
    </ClCompile>
    <ClCompile Include="Src\Camera.cpp">
      <Filter>Src</Filter>
    </ClCompile>
    <ClCompile Include="Src\Character.cpp">
      <Filter>Src</Filter>
    </ClCompile>
    <ClCompile Include="Src\ControleScene.cpp">
      <Filter>Src</Filter>
    </ClCompile>
    <ClCompile Include="Src\d3d.cpp">
      <Filter>Src</Filter>
    </ClCompile>
    <ClCompile Include="Src\Drawable.cpp">
      <Filter>Src</Filter>
    </ClCompile>
    <ClCompile Include="Src\DynamicEntity.cpp">
      <Filter>Src</Filter>
    </ClCompile>
    <ClCompile Include="Src\Entity.cpp">
      <Filter>Src</Filter>
    </ClCompile>
    <ClCompile Include="Src\Fps.cpp">
      <Filter>Src</Filter>
    </ClCompile>
    <ClCompile Include="Src\Game.cpp">
      <Filter>Src</Filter>
    </ClCompile>
    <ClCompile Include="Src\jsoncpp.cpp">
      <Filter>Src</Filter>
    </ClCompile>
    <ClCompile Include="Src\JsonParser.cpp">
      <Filter>Src</Filter>
    </ClCompile>
    <ClCompile Include="Src\Keyboard.cpp">
      <Filter>Src</Filter>
    </ClCompile>
    <ClCompile Include="Src\LevelScene.cpp">
      <Filter>Src</Filter>
    </ClCompile>
    <ClCompile Include="Src\main.cpp">
      <Filter>Src</Filter>
    </ClCompile>
    <ClCompile Include="Src\MapInfos.cpp">
      <Filter>Src</Filter>
    </ClCompile>
    <ClCompile Include="Src\Menu.cpp">
      <Filter>Src</Filter>
    </ClCompile>
    <ClCompile Include="Src\MenuPause.cpp">
      <Filter>Src</Filter>
    </ClCompile>
    <ClCompile Include="Src\pch.cpp">
      <Filter>Src</Filter>
    </ClCompile>
    <ClCompile Include="Src\Scene.cpp">
      <Filter>Src</Filter>
    </ClCompile>
    <ClCompile Include="Src\SoundSystem.cpp">
      <Filter>Src</Filter>
    </ClCompile>
    <ClCompile Include="Src\Sprite.cpp">
      <Filter>Src</Filter>
    </ClCompile>
    <ClCompile Include="Src\SpriteRect.cpp">
      <Filter>Src</Filter>
    </ClCompile>
    <ClCompile Include="Src\StaticEntity.cpp">
      <Filter>Src</Filter>
    </ClCompile>
    <ClCompile Include="Src\Text.cpp">
      <Filter>Src</Filter>
    </ClCompile>
    <ClCompile Include="Src\Texture.cpp">
      <Filter>Src</Filter>
    </ClCompile>
    <ClCompile Include="Src\Tile.cpp">
      <Filter>Src</Filter>
    </ClCompile>
    <ClCompile Include="Src\Timer.cpp">
      <Filter>Src</Filter>
    </ClCompile>
    <ClCompile Include="Src\Transformable.cpp">
      <Filter>Src</Filter>
    </ClCompile>
    <ClCompile Include="Src\Vector2f.cpp">
      <Filter>Src</Filter>
    </ClCompile>
    <ClCompile Include="Src\Window.cpp">
      <Filter>Src</Filter>
    </ClCompile>
    <ClCompile Include="Src\WindowSettings.cpp">
      <Filter>Src</Filter>
    </ClCompile>
    <ClCompile Include="Src\LoadingScene.cpp">
      <Filter>Src</Filter>
    </ClCompile>
  </ItemGroup>
  <ItemGroup>
    <Image Include="Ressources\Graphics\background.dds">
      <Filter>Resource Files\graphics</Filter>
    </Image>
    <Image Include="Ressources\Graphics\character.dds">
      <Filter>Resource Files\graphics</Filter>
    </Image>
    <Image Include="Ressources\Graphics\controle.dds">
      <Filter>Resource Files\graphics</Filter>
    </Image>
    <Image Include="Ressources\Graphics\enemy.dds">
      <Filter>Resource Files\graphics</Filter>
    </Image>
    <Image Include="Ressources\Graphics\Font.dds">
      <Filter>Resource Files\graphics</Filter>
    </Image>
    <Image Include="Ressources\Graphics\hitbox.dds">
      <Filter>Resource Files\graphics</Filter>
    </Image>
    <Image Include="Ressources\Graphics\Menu_Pause_WTP_DDS.dds">
      <Filter>Resource Files\graphics</Filter>
    </Image>
    <Image Include="Ressources\Graphics\Menu_WTP_DDS.dds">
      <Filter>Resource Files\graphics</Filter>
    </Image>
    <Image Include="Ressources\Graphics\tileset.dds">
      <Filter>Resource Files\graphics</Filter>
    </Image>
    <Image Include="Ressources\Graphics\You_Lost_DDS.dds">
      <Filter>Resource Files\graphics</Filter>
    </Image>
    <Image Include="Ressources\Graphics\You_Won_DDS.dds">
      <Filter>Resource Files\graphics</Filter>
    </Image>
  </ItemGroup>
  <ItemGroup>
    <Media Include="Ressources\Sounds\Defeat.wav">
      <Filter>Resource Files\sounds</Filter>
    </Media>
    <Media Include="Ressources\Sounds\Heart_of_Courage_8_Bit_s075.mp3">
      <Filter>Resource Files\sounds</Filter>
    </Media>
    <Media Include="Ressources\Sounds\jump.wav">
      <Filter>Resource Files\sounds</Filter>
    </Media>
    <Media Include="Ressources\Sounds\Menu.wav">
      <Filter>Resource Files\sounds</Filter>
    </Media>
    <Media Include="Ressources\Sounds\Victory.wav">
      <Filter>Resource Files\sounds</Filter>
    </Media>
    <Media Include="Ressources\Sounds\powerup.wav">
      <Filter>Resource Files</Filter>
    </Media>
    <Media Include="Ressources\Sounds\shoot.wav">
      <Filter>Resource Files</Filter>
    </Media>
  </ItemGroup>
</Project>